
Microsoft Visual Studio Solution File, Format Version 12.00
# Visual Studio Version 17
VisualStudioVersion = 17.13.35828.75 d17.13
MinimumVisualStudioVersion = 10.0.40219.1
Project("{FAE04EC0-301F-11D3-BF4B-00C04F79EFBC}") = "PoneyHub.Api", "PoneyHub.Api\PoneyHub.Api.csproj", "{077501E2-F09B-4226-BEC5-D37C12264DE5}"
EndProject
Global
	GlobalSection(SolutionConfigurationPlatforms) = preSolution
		Debug|Any CPU = Debug|Any CPU
		Release|Any CPU = Release|Any CPU
	EndGlobalSection
	GlobalSection(ProjectConfigurationPlatforms) = postSolution
		{077501E2-F09B-4226-BEC5-D37C12264DE5}.Debug|Any CPU.ActiveCfg = Debug|Any CPU
		{077501E2-F09B-4226-BEC5-D37C12264DE5}.Debug|Any CPU.Build.0 = Debug|Any CPU
		{077501E2-F09B-4226-BEC5-D37C12264DE5}.Release|Any CPU.ActiveCfg = Release|Any CPU
		{077501E2-F09B-4226-BEC5-D37C12264DE5}.Release|Any CPU.Build.0 = Release|Any CPU
	EndGlobalSection
	GlobalSection(SolutionProperties) = preSolution
		HideSolutionNode = FALSE
	EndGlobalSection
	GlobalSection(ExtensibilityGlobals) = postSolution
		SolutionGuid = {55B83C5D-61BA-42B9-8946-429CFA561EDB}
	EndGlobalSection
EndGlobal
